
Microsoft Visual Studio Solution File, Format Version 12.00
# Visual Studio Version 16
VisualStudioVersion = 16.0.31112.23
MinimumVisualStudioVersion = 10.0.40219.1
Project("{FAE04EC0-301F-11D3-BF4B-00C04F79EFBC}") = "Strategy", "Strategy\Strategy.csproj", "{428DE733-B2B1-4675-A790-08D8416EAD19}"
EndProject
Project("{FAE04EC0-301F-11D3-BF4B-00C04F79EFBC}") = "AtividadeStrategy", "AtividadeStrategy\AtividadeStrategy.csproj", "{E2A6CC75-DD98-4632-9519-7A8E403D9F05}"
EndProject
Project("{FAE04EC0-301F-11D3-BF4B-00C04F79EFBC}") = "ChainOfResposibility", "ChainOfResposibility\ChainOfResposibility.csproj", "{C71910AD-0942-4448-97A7-18D6489293FB}"
EndProject
Project("{FAE04EC0-301F-11D3-BF4B-00C04F79EFBC}") = "AtividadeChainOfResposibility", "AtividadeChainOfResposibility\AtividadeChainOfResposibility.csproj", "{628C138A-7F9D-43FD-832D-D3997C2B5657}"
EndProject
Project("{FAE04EC0-301F-11D3-BF4B-00C04F79EFBC}") = "TemplateMethod", "TemplateMethod\TemplateMethod.csproj", "{04D94F77-442C-48EF-B414-D974B421AD7A}"
EndProject
Project("{FAE04EC0-301F-11D3-BF4B-00C04F79EFBC}") = "AtividadeTemplateMethod", "AtividadeTemplateMethod\AtividadeTemplateMethod.csproj", "{74AD3CBC-BBF3-4DF0-AC7A-4C21E0D780DC}"
EndProject
Project("{FAE04EC0-301F-11D3-BF4B-00C04F79EFBC}") = "Decorator", "Decorator\Decorator.csproj", "{E310A18B-C0C8-4E6A-8D71-6E7CEF16C19A}"
EndProject
Project("{FAE04EC0-301F-11D3-BF4B-00C04F79EFBC}") = "AtividadeDecorator", "AtividadeDecorator\AtividadeDecorator.csproj", "{7F151B2C-1BCE-419B-9E82-3096352E49F5}"
EndProject
Project("{FAE04EC0-301F-11D3-BF4B-00C04F79EFBC}") = "State", "State\State.csproj", "{3E993EAF-C45F-45F7-9F4D-AED350FC92AB}"
EndProject
Project("{FAE04EC0-301F-11D3-BF4B-00C04F79EFBC}") = "AtividadeState", "AtividadeState\AtividadeState.csproj", "{D6DE2FF2-F75B-4BC9-9D45-6C3BD8CC307C}"
EndProject
Project("{FAE04EC0-301F-11D3-BF4B-00C04F79EFBC}") = "Builder", "Builder\Builder.csproj", "{E776795D-8B01-4E1C-8BB8-49A9E381A82A}"
EndProject
Global
	GlobalSection(SolutionConfigurationPlatforms) = preSolution
		Debug|Any CPU = Debug|Any CPU
		Release|Any CPU = Release|Any CPU
	EndGlobalSection
	GlobalSection(ProjectConfigurationPlatforms) = postSolution
		{428DE733-B2B1-4675-A790-08D8416EAD19}.Debug|Any CPU.ActiveCfg = Debug|Any CPU
		{428DE733-B2B1-4675-A790-08D8416EAD19}.Debug|Any CPU.Build.0 = Debug|Any CPU
		{428DE733-B2B1-4675-A790-08D8416EAD19}.Release|Any CPU.ActiveCfg = Release|Any CPU
		{428DE733-B2B1-4675-A790-08D8416EAD19}.Release|Any CPU.Build.0 = Release|Any CPU
		{E2A6CC75-DD98-4632-9519-7A8E403D9F05}.Debug|Any CPU.ActiveCfg = Debug|Any CPU
		{E2A6CC75-DD98-4632-9519-7A8E403D9F05}.Debug|Any CPU.Build.0 = Debug|Any CPU
		{E2A6CC75-DD98-4632-9519-7A8E403D9F05}.Release|Any CPU.ActiveCfg = Release|Any CPU
		{E2A6CC75-DD98-4632-9519-7A8E403D9F05}.Release|Any CPU.Build.0 = Release|Any CPU
		{C71910AD-0942-4448-97A7-18D6489293FB}.Debug|Any CPU.ActiveCfg = Debug|Any CPU
		{C71910AD-0942-4448-97A7-18D6489293FB}.Debug|Any CPU.Build.0 = Debug|Any CPU
		{C71910AD-0942-4448-97A7-18D6489293FB}.Release|Any CPU.ActiveCfg = Release|Any CPU
		{C71910AD-0942-4448-97A7-18D6489293FB}.Release|Any CPU.Build.0 = Release|Any CPU
		{628C138A-7F9D-43FD-832D-D3997C2B5657}.Debug|Any CPU.ActiveCfg = Debug|Any CPU
		{628C138A-7F9D-43FD-832D-D3997C2B5657}.Debug|Any CPU.Build.0 = Debug|Any CPU
		{628C138A-7F9D-43FD-832D-D3997C2B5657}.Release|Any CPU.ActiveCfg = Release|Any CPU
		{628C138A-7F9D-43FD-832D-D3997C2B5657}.Release|Any CPU.Build.0 = Release|Any CPU
		{04D94F77-442C-48EF-B414-D974B421AD7A}.Debug|Any CPU.ActiveCfg = Debug|Any CPU
		{04D94F77-442C-48EF-B414-D974B421AD7A}.Debug|Any CPU.Build.0 = Debug|Any CPU
		{04D94F77-442C-48EF-B414-D974B421AD7A}.Release|Any CPU.ActiveCfg = Release|Any CPU
		{04D94F77-442C-48EF-B414-D974B421AD7A}.Release|Any CPU.Build.0 = Release|Any CPU
		{74AD3CBC-BBF3-4DF0-AC7A-4C21E0D780DC}.Debug|Any CPU.ActiveCfg = Debug|Any CPU
		{74AD3CBC-BBF3-4DF0-AC7A-4C21E0D780DC}.Debug|Any CPU.Build.0 = Debug|Any CPU
		{74AD3CBC-BBF3-4DF0-AC7A-4C21E0D780DC}.Release|Any CPU.ActiveCfg = Release|Any CPU
		{74AD3CBC-BBF3-4DF0-AC7A-4C21E0D780DC}.Release|Any CPU.Build.0 = Release|Any CPU
		{E310A18B-C0C8-4E6A-8D71-6E7CEF16C19A}.Debug|Any CPU.ActiveCfg = Debug|Any CPU
		{E310A18B-C0C8-4E6A-8D71-6E7CEF16C19A}.Debug|Any CPU.Build.0 = Debug|Any CPU
		{E310A18B-C0C8-4E6A-8D71-6E7CEF16C19A}.Release|Any CPU.ActiveCfg = Release|Any CPU
		{E310A18B-C0C8-4E6A-8D71-6E7CEF16C19A}.Release|Any CPU.Build.0 = Release|Any CPU
		{7F151B2C-1BCE-419B-9E82-3096352E49F5}.Debug|Any CPU.ActiveCfg = Debug|Any CPU
		{7F151B2C-1BCE-419B-9E82-3096352E49F5}.Debug|Any CPU.Build.0 = Debug|Any CPU
		{7F151B2C-1BCE-419B-9E82-3096352E49F5}.Release|Any CPU.ActiveCfg = Release|Any CPU
		{7F151B2C-1BCE-419B-9E82-3096352E49F5}.Release|Any CPU.Build.0 = Release|Any CPU
		{3E993EAF-C45F-45F7-9F4D-AED350FC92AB}.Debug|Any CPU.ActiveCfg = Debug|Any CPU
		{3E993EAF-C45F-45F7-9F4D-AED350FC92AB}.Debug|Any CPU.Build.0 = Debug|Any CPU
		{3E993EAF-C45F-45F7-9F4D-AED350FC92AB}.Release|Any CPU.ActiveCfg = Release|Any CPU
		{3E993EAF-C45F-45F7-9F4D-AED350FC92AB}.Release|Any CPU.Build.0 = Release|Any CPU
		{D6DE2FF2-F75B-4BC9-9D45-6C3BD8CC307C}.Debug|Any CPU.ActiveCfg = Debug|Any CPU
		{D6DE2FF2-F75B-4BC9-9D45-6C3BD8CC307C}.Debug|Any CPU.Build.0 = Debug|Any CPU
		{D6DE2FF2-F75B-4BC9-9D45-6C3BD8CC307C}.Release|Any CPU.ActiveCfg = Release|Any CPU
		{D6DE2FF2-F75B-4BC9-9D45-6C3BD8CC307C}.Release|Any CPU.Build.0 = Release|Any CPU
		{E776795D-8B01-4E1C-8BB8-49A9E381A82A}.Debug|Any CPU.ActiveCfg = Debug|Any CPU
		{E776795D-8B01-4E1C-8BB8-49A9E381A82A}.Debug|Any CPU.Build.0 = Debug|Any CPU
		{E776795D-8B01-4E1C-8BB8-49A9E381A82A}.Release|Any CPU.ActiveCfg = Release|Any CPU
		{E776795D-8B01-4E1C-8BB8-49A9E381A82A}.Release|Any CPU.Build.0 = Release|Any CPU
	EndGlobalSection
	GlobalSection(SolutionProperties) = preSolution
		HideSolutionNode = FALSE
	EndGlobalSection
	GlobalSection(ExtensibilityGlobals) = postSolution
		SolutionGuid = {DFA291B0-48ED-4A2F-8C86-71FC0BC836A3}
	EndGlobalSection
EndGlobal
